
Microsoft Visual Studio Solution File, Format Version 12.00
# Visual Studio Version 16
VisualStudioVersion = 16.0.30204.135
MinimumVisualStudioVersion = 10.0.40219.1
Project("{FAE04EC0-301F-11D3-BF4B-00C04F79EFBC}") = "DotNetCoreMVCForBeginner", "DotNetCoreMVCForBeginner\DotNetCoreMVCForBeginner.csproj", "{4ACA949D-71CD-490C-805C-32098C29B4D4}"
EndProject
Global
	GlobalSection(SolutionConfigurationPlatforms) = preSolution
		Debug|Any CPU = Debug|Any CPU
		Release|Any CPU = Release|Any CPU
	EndGlobalSection
	GlobalSection(ProjectConfigurationPlatforms) = postSolution
		{4ACA949D-71CD-490C-805C-32098C29B4D4}.Debug|Any CPU.ActiveCfg = Debug|Any CPU
		{4ACA949D-71CD-490C-805C-32098C29B4D4}.Debug|Any CPU.Build.0 = Debug|Any CPU
		{4ACA949D-71CD-490C-805C-32098C29B4D4}.Release|Any CPU.ActiveCfg = Release|Any CPU
		{4ACA949D-71CD-490C-805C-32098C29B4D4}.Release|Any CPU.Build.0 = Release|Any CPU
	EndGlobalSection
	GlobalSection(SolutionProperties) = preSolution
		HideSolutionNode = FALSE
	EndGlobalSection
	GlobalSection(ExtensibilityGlobals) = postSolution
		SolutionGuid = {7E01717C-81AB-403C-BF7B-D8A622F27670}
	EndGlobalSection
EndGlobal
